
Microsoft Visual Studio Solution File, Format Version 12.00
# Visual Studio Version 17
VisualStudioVersion = 17.6.33829.357
MinimumVisualStudioVersion = 10.0.40219.1
Project("{FAE04EC0-301F-11D3-BF4B-00C04F79EFBC}") = "TicTacToeWithCopilotChat", "TicTacToeWithCopilotChat\TicTacToeWithCopilotChat.csproj", "{8AC5B5BD-655C-45F0-9199-A7695F1837B9}"
EndProject
Global
	GlobalSection(SolutionConfigurationPlatforms) = preSolution
		Debug|Any CPU = Debug|Any CPU
		Release|Any CPU = Release|Any CPU
	EndGlobalSection
	GlobalSection(ProjectConfigurationPlatforms) = postSolution
		{8AC5B5BD-655C-45F0-9199-A7695F1837B9}.Debug|Any CPU.ActiveCfg = Debug|Any CPU
		{8AC5B5BD-655C-45F0-9199-A7695F1837B9}.Debug|Any CPU.Build.0 = Debug|Any CPU
		{8AC5B5BD-655C-45F0-9199-A7695F1837B9}.Release|Any CPU.ActiveCfg = Release|Any CPU
		{8AC5B5BD-655C-45F0-9199-A7695F1837B9}.Release|Any CPU.Build.0 = Release|Any CPU
	EndGlobalSection
	GlobalSection(SolutionProperties) = preSolution
		HideSolutionNode = FALSE
	EndGlobalSection
	GlobalSection(ExtensibilityGlobals) = postSolution
		SolutionGuid = {9EC9E3D9-A477-40A7-A660-F555CDB7E5D3}
	EndGlobalSection
EndGlobal
